
Microsoft Visual Studio Solution File, Format Version 12.00
# Visual Studio Version 16
VisualStudioVersion = 16.0.29613.14
MinimumVisualStudioVersion = 10.0.40219.1
Project("{8BC9CEB8-8B4A-11D0-8D11-00A0C91BC942}") = "gapfinder", "gapfinder.vcxproj", "{175A0F47-8751-45B3-9407-DD2D6BA5D193}"
EndProject
Global
	GlobalSection(SolutionConfigurationPlatforms) = preSolution
		Debug|ARM = Debug|ARM
		Debug|ARM64 = Debug|ARM64
		Debug|x64 = Debug|x64
		Debug|x86 = Debug|x86
		Release|ARM = Release|ARM
		Release|ARM64 = Release|ARM64
		Release|x64 = Release|x64
		Release|x86 = Release|x86
	EndGlobalSection
	GlobalSection(ProjectConfigurationPlatforms) = postSolution
		{175A0F47-8751-45B3-9407-DD2D6BA5D193}.Debug|ARM.ActiveCfg = Debug|ARM
		{175A0F47-8751-45B3-9407-DD2D6BA5D193}.Debug|ARM.Build.0 = Debug|ARM
		{175A0F47-8751-45B3-9407-DD2D6BA5D193}.Debug|ARM.Deploy.0 = Debug|ARM
		{175A0F47-8751-45B3-9407-DD2D6BA5D193}.Debug|ARM64.ActiveCfg = Debug|ARM64
		{175A0F47-8751-45B3-9407-DD2D6BA5D193}.Debug|ARM64.Build.0 = Debug|ARM64
		{175A0F47-8751-45B3-9407-DD2D6BA5D193}.Debug|ARM64.Deploy.0 = Debug|ARM64
		{175A0F47-8751-45B3-9407-DD2D6BA5D193}.Debug|x64.ActiveCfg = Debug|x64
		{175A0F47-8751-45B3-9407-DD2D6BA5D193}.Debug|x64.Build.0 = Debug|x64
		{175A0F47-8751-45B3-9407-DD2D6BA5D193}.Debug|x64.Deploy.0 = Debug|x64
		{175A0F47-8751-45B3-9407-DD2D6BA5D193}.Debug|x86.ActiveCfg = Debug|x86
		{175A0F47-8751-45B3-9407-DD2D6BA5D193}.Debug|x86.Build.0 = Debug|x86
		{175A0F47-8751-45B3-9407-DD2D6BA5D193}.Debug|x86.Deploy.0 = Debug|x86
		{175A0F47-8751-45B3-9407-DD2D6BA5D193}.Release|ARM.ActiveCfg = Release|ARM
		{175A0F47-8751-45B3-9407-DD2D6BA5D193}.Release|ARM.Build.0 = Release|ARM
		{175A0F47-8751-45B3-9407-DD2D6BA5D193}.Release|ARM.Deploy.0 = Release|ARM
		{175A0F47-8751-45B3-9407-DD2D6BA5D193}.Release|ARM64.ActiveCfg = Release|ARM64
		{175A0F47-8751-45B3-9407-DD2D6BA5D193}.Release|ARM64.Build.0 = Release|ARM64
		{175A0F47-8751-45B3-9407-DD2D6BA5D193}.Release|ARM64.Deploy.0 = Release|ARM64
		{175A0F47-8751-45B3-9407-DD2D6BA5D193}.Release|x64.ActiveCfg = Release|x64
		{175A0F47-8751-45B3-9407-DD2D6BA5D193}.Release|x64.Build.0 = Release|x64
		{175A0F47-8751-45B3-9407-DD2D6BA5D193}.Release|x64.Deploy.0 = Release|x64
		{175A0F47-8751-45B3-9407-DD2D6BA5D193}.Release|x86.ActiveCfg = Release|x86
		{175A0F47-8751-45B3-9407-DD2D6BA5D193}.Release|x86.Build.0 = Release|x86
		{175A0F47-8751-45B3-9407-DD2D6BA5D193}.Release|x86.Deploy.0 = Release|x86
	EndGlobalSection
	GlobalSection(SolutionProperties) = preSolution
		HideSolutionNode = FALSE
	EndGlobalSection
	GlobalSection(ExtensibilityGlobals) = postSolution
		SolutionGuid = {B0636F92-3D7A-4688-AE98-4BD14C6D6977}
	EndGlobalSection
EndGlobal
